entityType: ZOMBIE
name: ''
level: '1'
healthMultiplier: 0.1
damageMultiplier: 0.1
dropsEliteMobsLoot: false
dropsVanillaLoot: false
dropsRandomLoot: false
powers:
- invulnerability_knockback.yml
- invulnerability_arrow.yml
frozen: true
followDistance: 30
spawnCooldown: 30
leashRadius: 30
isRegionalBoss: true
spawnLocations:
- em_primis,1308.5,-5.5,1301.5,0.0,0.0:1662946606243
onSpawnBlockStates:
- 86.5,-8.5,89.5/minecraft:spruce_trapdoor[facing=east,half=bottom,open=true,powered=false,waterlogged=false]
- 86.5,-8.5,90.5/minecraft:spruce_trapdoor[facing=east,half=bottom,open=true,powered=false,waterlogged=false]
- 86.5,-8.5,91.5/minecraft:dark_oak_trapdoor[facing=east,half=bottom,open=true,powered=false,waterlogged=false]
- 86.5,-8.5,92.5/minecraft:spruce_trapdoor[facing=east,half=bottom,open=true,powered=false,waterlogged=false]
- 86.5,-8.5,93.5/minecraft:spruce_trapdoor[facing=east,half=bottom,open=true,powered=false,waterlogged=false]
- 86.5,-7.5,89.5/minecraft:spruce_trapdoor[facing=east,half=bottom,open=true,powered=false,waterlogged=false]
- 86.5,-7.5,90.5/minecraft:spruce_trapdoor[facing=east,half=bottom,open=true,powered=false,waterlogged=false]
- 86.5,-7.5,91.5/minecraft:dark_oak_trapdoor[facing=east,half=bottom,open=true,powered=false,waterlogged=false]
- 86.5,-7.5,92.5/minecraft:spruce_trapdoor[facing=east,half=bottom,open=true,powered=false,waterlogged=false]
- 86.5,-7.5,93.5/minecraft:spruce_trapdoor[facing=east,half=bottom,open=true,powered=false,waterlogged=false]
- 86.5,-6.5,89.5/minecraft:spruce_trapdoor[facing=east,half=bottom,open=true,powered=false,waterlogged=false]
- 86.5,-6.5,90.5/minecraft:spruce_trapdoor[facing=east,half=bottom,open=true,powered=false,waterlogged=false]
- 86.5,-6.5,91.5/minecraft:dark_oak_trapdoor[facing=east,half=bottom,open=true,powered=false,waterlogged=false]
- 86.5,-6.5,92.5/minecraft:spruce_trapdoor[facing=east,half=bottom,open=true,powered=false,waterlogged=false]
- 86.5,-6.5,93.5/minecraft:spruce_trapdoor[facing=east,half=bottom,open=true,powered=false,waterlogged=false]
- 86.5,-5.5,89.5/minecraft:spruce_trapdoor[facing=east,half=bottom,open=true,powered=false,waterlogged=false]
- 86.5,-5.5,90.5/minecraft:spruce_trapdoor[facing=east,half=bottom,open=true,powered=false,waterlogged=false]
- 86.5,-5.5,91.5/minecraft:dark_oak_trapdoor[facing=east,half=bottom,open=true,powered=false,waterlogged=false]
- 86.5,-5.5,92.5/minecraft:spruce_trapdoor[facing=east,half=bottom,open=true,powered=false,waterlogged=false]
- 86.5,-5.5,93.5/minecraft:spruce_trapdoor[facing=east,half=bottom,open=true,powered=false,waterlogged=false]
- 86.5,-4.5,89.5/minecraft:spruce_trapdoor[facing=east,half=bottom,open=true,powered=false,waterlogged=false]
- 86.5,-4.5,90.5/minecraft:spruce_trapdoor[facing=east,half=bottom,open=true,powered=false,waterlogged=false]
- 86.5,-4.5,91.5/minecraft:dark_oak_trapdoor[facing=east,half=bottom,open=true,powered=false,waterlogged=false]
- 86.5,-4.5,92.5/minecraft:spruce_trapdoor[facing=east,half=bottom,open=true,powered=false,waterlogged=false]
- 86.5,-4.5,93.5/minecraft:spruce_trapdoor[facing=east,half=bottom,open=true,powered=false,waterlogged=false]
- 86.5,-3.5,89.5/minecraft:spruce_trapdoor[facing=east,half=bottom,open=true,powered=false,waterlogged=false]
- 86.5,-3.5,90.5/minecraft:spruce_trapdoor[facing=east,half=bottom,open=true,powered=false,waterlogged=false]
- 86.5,-3.5,91.5/minecraft:dark_oak_trapdoor[facing=east,half=bottom,open=true,powered=false,waterlogged=false]
- 86.5,-3.5,92.5/minecraft:spruce_trapdoor[facing=east,half=bottom,open=true,powered=false,waterlogged=false]
- 86.5,-3.5,93.5/minecraft:spruce_trapdoor[facing=east,half=bottom,open=true,powered=false,waterlogged=false]
- 86.5,-2.5,89.5/minecraft:spruce_trapdoor[facing=east,half=bottom,open=true,powered=false,waterlogged=false]
- 86.5,-2.5,90.5/minecraft:spruce_trapdoor[facing=east,half=bottom,open=true,powered=false,waterlogged=false]
- 86.5,-2.5,91.5/minecraft:dark_oak_trapdoor[facing=east,half=bottom,open=true,powered=false,waterlogged=false]
- 86.5,-2.5,92.5/minecraft:spruce_trapdoor[facing=east,half=bottom,open=true,powered=false,waterlogged=false]
- 86.5,-2.5,93.5/minecraft:spruce_trapdoor[facing=east,half=bottom,open=true,powered=false,waterlogged=false]
- 86.5,-1.5,89.5/minecraft:spruce_trapdoor[facing=east,half=bottom,open=true,powered=false,waterlogged=false]
- 86.5,-1.5,90.5/minecraft:spruce_trapdoor[facing=east,half=bottom,open=true,powered=false,waterlogged=false]
- 86.5,-1.5,91.5/minecraft:dark_oak_trapdoor[facing=east,half=bottom,open=true,powered=false,waterlogged=false]
- 86.5,-1.5,92.5/minecraft:spruce_trapdoor[facing=east,half=bottom,open=true,powered=false,waterlogged=false]
- 86.5,-1.5,93.5/minecraft:spruce_trapdoor[facing=east,half=bottom,open=true,powered=false,waterlogged=false]
- 86.5,-0.5,89.5/minecraft:spruce_trapdoor[facing=east,half=bottom,open=true,powered=false,waterlogged=false]
- 86.5,-0.5,90.5/minecraft:spruce_trapdoor[facing=east,half=bottom,open=true,powered=false,waterlogged=false]
- 86.5,-0.5,91.5/minecraft:dark_oak_trapdoor[facing=east,half=bottom,open=true,powered=false,waterlogged=false]
- 86.5,-0.5,92.5/minecraft:spruce_trapdoor[facing=east,half=bottom,open=true,powered=false,waterlogged=false]
- 86.5,-0.5,93.5/minecraft:spruce_trapdoor[facing=east,half=bottom,open=true,powered=false,waterlogged=false]
- 86.5,0.5,91.5/minecraft:dark_oak_trapdoor[facing=east,half=bottom,open=true,powered=false,waterlogged=false]
onRemoveBlockStates:
- 86.5,0.5,91.5/minecraft:air
- 86.5,-0.5,91.5/minecraft:air
- 86.5,-1.5,91.5/minecraft:air
- 86.5,-2.5,91.5/minecraft:air
- 86.5,-3.5,91.5/minecraft:air
- 86.5,-4.5,91.5/minecraft:air
- 86.5,-5.5,91.5/minecraft:air
- 86.5,-6.5,91.5/minecraft:air
- 86.5,-7.5,91.5/minecraft:air
- 86.5,-8.5,91.5/minecraft:air
- 86.5,-8.5,90.5/minecraft:air
- 86.5,-7.5,90.5/minecraft:air
- 86.5,-6.5,90.5/minecraft:air
- 86.5,-5.5,90.5/minecraft:air
- 86.5,-4.5,90.5/minecraft:air
- 86.5,-3.5,90.5/minecraft:air
- 86.5,-2.5,90.5/minecraft:air
- 86.5,-1.5,90.5/minecraft:air
- 86.5,-0.5,90.5/minecraft:air
- 86.5,-0.5,89.5/minecraft:air
- 86.5,-1.5,89.5/minecraft:air
- 86.5,-2.5,89.5/minecraft:air
- 86.5,-3.5,89.5/minecraft:air
- 86.5,-4.5,89.5/minecraft:air
- 86.5,-5.5,89.5/minecraft:air
- 86.5,-6.5,89.5/minecraft:air
- 86.5,-7.5,89.5/minecraft:air
- 86.5,-8.5,89.5/minecraft:air
- 86.5,-8.5,92.5/minecraft:air
- 86.5,-7.5,92.5/minecraft:air
- 86.5,-6.5,92.5/minecraft:air
- 86.5,-5.5,92.5/minecraft:air
- 86.5,-4.5,92.5/minecraft:air
- 86.5,-3.5,92.5/minecraft:air
- 86.5,-2.5,92.5/minecraft:air
- 86.5,-1.5,92.5/minecraft:air
- 86.5,-0.5,92.5/minecraft:air
- 86.5,-0.5,93.5/minecraft:air
- 86.5,-1.5,93.5/minecraft:air
- 86.5,-2.5,93.5/minecraft:air
- 86.5,-3.5,93.5/minecraft:air
- 86.5,-4.5,93.5/minecraft:air
- 86.5,-5.5,93.5/minecraft:air
- 86.5,-6.5,93.5/minecraft:air
- 86.5,-7.5,93.5/minecraft:air
- 86.5,-8.5,93.5/minecraft:air
